lockfileVersion: 5.4

specifiers:
  doctoc: ^2.2.0

dependencies:
  doctoc: 2.2.0

packages:

  /@textlint/ast-node-types/12.2.1:
    resolution: {integrity: sha512-NXYza6aG1+LdZ4g83gjRhDht+gdrTjJYkdcQhpvzNCtTar/sVpaykkauRcAKLhkIWrQpfb311pfMlU6qNDW76Q==}
    dev: false

  /@textlint/markdown-to-ast/12.2.1:
    resolution: {integrity: sha512-p+LlVcrgHnSNEWWflYU412uu+v4Cejs6hmI4SgZCheNg4u7Ik78aKgpe4jT5BhjLSBZ/KP6IrJxtCUOoJIUWmQ==}
    dependencies:
      '@textlint/ast-node-types': 12.2.1
      debug: 4.3.4
      remark-footnotes: 3.0.0
      remark-frontmatter: 3.0.0
      remark-gfm: 1.0.0
      remark-parse: 9.0.0
      traverse: 0.6.6
      unified: 9.2.2
    transitivePeerDependencies:
      - supports-color
    dev: false

  /@types/mdast/3.0.10:
    resolution: {integrity: sha512-W864tg/Osz1+9f4lrGTZpCSO5/z4608eUp19tbozkq2HJK6i3z1kT0H9tlADXuYIb1YYOBByU4Jsqkk75q48qA==}
    dependencies:
      '@types/unist': 2.0.6
    dev: false

  /@types/unist/2.0.6:
    resolution: {integrity: sha512-PBjIUxZHOuj0R15/xuwJYjFi+KZdNFrehocChv4g5hu6aFroHue8m0lBP0POdK2nKzbw0cgV1mws8+V/JAcEkQ==}
    dev: false

  /anchor-markdown-header/0.5.7:
    resolution: {integrity: sha512-AmikqcK15r3q99hPvTa1na9n3eLkW0uE+RL9BZMSgwYalQeDnNXbYrN06BIcBPfGlmsGIE2jvkuvl/x0hyPF5Q==}
    dependencies:
      emoji-regex: 6.1.3
    dev: false

  /bail/1.0.5:
    resolution: {integrity: sha512-xFbRxM1tahm08yHBP16MMjVUAvDaBMD38zsM9EMAUN61omwLmKlOpB/Zku5QkjZ8TZ4vn53pj+t518cH0S03RQ==}
    dev: false

  /ccount/1.1.0:
    resolution: {integrity: sha512-vlNK021QdI7PNeiUh/lKkC/mNHHfV0m/Ad5JoI0TYtlBnJAslM/JIkm/tGC88bkLIwO6OQ5uV6ztS6kVAtCDlg==}
    dev: false

  /character-entities-legacy/1.1.4:
    resolution: {integrity: sha512-3Xnr+7ZFS1uxeiUDvV02wQ+QDbc55o97tIV5zHScSPJpcLm/r0DFPcoY3tYRp+VZukxuMeKgXYmsXQHO05zQeA==}
    dev: false

  /character-entities/1.2.4:
    resolution: {integrity: sha512-iBMyeEHxfVnIakwOuDXpVkc54HijNgCyQB2w0VfGQThle6NXn50zU6V/u+LDhxHcDUPojn6Kpga3PTAD8W1bQw==}
    dev: false

  /character-reference-invalid/1.1.4:
    resolution: {integrity: sha512-mKKUkUbhPpQlCOfIuZkvSEgktjPFIsZKRRbC6KWVEMvlzblj3i3asQv5ODsrwt0N3pHAEvjP8KTQPHkp0+6jOg==}
    dev: false

  /debug/4.3.4:
    resolution: {integrity: sha512-PRWFHuSU3eDtQJPvnNY7Jcket1j0t5OuOsFzPPzsekD52Zl8qUfFIPEiswXqIvHWGVHOgX+7G/vCNNhehwxfkQ==}
    engines: {node: '>=6.0'}
    peerDependencies:
      supports-color: '*'
    peerDependenciesMeta:
      supports-color:
        optional: true
    dependencies:
      ms: 2.1.2
    dev: false

  /doctoc/2.2.0:
    resolution: {integrity: sha512-PtiyaS+S3kcMbpx6x2V0S+PeDKisxmjEFnZsuYkkj4Lh3ObozJuuYh9dM4+sX02Ouuty8RF2LOCnIbpu/hWy/A==}
    hasBin: true
    dependencies:
      '@textlint/markdown-to-ast': 12.2.1
      anchor-markdown-header: 0.5.7
      htmlparser2: 7.2.0
      minimist: 1.2.6
      underscore: 1.13.4
      update-section: 0.3.3
    transitivePeerDependencies:
      - supports-color
    dev: false

  /dom-serializer/1.4.1:
    resolution: {integrity: sha512-VHwB3KfrcOOkelEG2ZOfxqLZdfkil8PtJi4P8N2MMXucZq2yLp75ClViUlOVwyoHEDjYU433Aq+5zWP61+RGag==}
    dependencies:
      domelementtype: 2.3.0
      domhandler: 4.3.1
      entities: 2.2.0
    dev: false

  /domelementtype/2.3.0:
    resolution: {integrity: sha512-OLETBj6w0OsagBwdXnPdN0cnMfF9opN69co+7ZrbfPGrdpPVNBUj02spi6B1N7wChLQiPn4CSH/zJvXw56gmHw==}
    dev: false

  /domhandler/4.3.1:
    resolution: {integrity: sha512-GrwoxYN+uWlzO8uhUXRl0P+kHE4GtVPfYzVLcUxPL7KNdHKj66vvlhiweIHqYYXWlw+T8iLMp42Lm67ghw4WMQ==}
    engines: {node: '>= 4'}
    dependencies:
      domelementtype: 2.3.0
    dev: false

  /domutils/2.8.0:
    resolution: {integrity: sha512-w96Cjofp72M5IIhpjgobBimYEfoPjx1Vx0BSX9P30WBdZW2WIKU0T1Bd0kz2eNZ9ikjKgHbEyKx8BB6H1L3h3A==}
    dependencies:
      dom-serializer: 1.4.1
      domelementtype: 2.3.0
      domhandler: 4.3.1
    dev: false

  /emoji-regex/6.1.3:
    resolution: {integrity: sha512-73/zxHTjP2N2FQf0J5ngNjxP9LqG2krUshxYaowI8HxZQsiL2pYJc3k9/O93fc5/lCSkZv+bQ5Esk6k6msiSvg==}
    dev: false

  /entities/2.2.0:
    resolution: {integrity: sha512-p92if5Nz619I0w+akJrLZH0MX0Pb5DX39XOwQTtXSdQQOaYH03S1uIQp4mhOZtAXrxq4ViO67YTiLBo2638o9A==}
    dev: false

  /entities/3.0.1:
    resolution: {integrity: sha512-WiyBqoomrwMdFG1e0kqvASYfnlb0lp8M5o5Fw2OFq1hNZxxcNk8Ik0Xm7LxzBhuidnZB/UtBqVCgUz3kBOP51Q==}
    engines: {node: '>=0.12'}
    dev: false

  /escape-string-regexp/4.0.0:
    resolution: {integrity: sha512-TtpcNJ3XAzx3Gq8sWRzJaVajRs0uVxA2YAkdb1jm2YkPz4G6egUFAyA3n5vtEIZefPk5Wa4UXbKuS5fKkJWdgA==}
    engines: {node: '>=10'}
    dev: false

  /extend/3.0.2:
    resolution: {integrity: sha512-fjquC59cD7CyW6urNXK0FBufkZcoiGG80wTuPujX590cB5Ttln20E2UB4S/WARVqhXffZl2LNgS+gQdPIIim/g==}
    dev: false

  /fault/1.0.4:
    resolution: {integrity: sha512-CJ0HCB5tL5fYTEA7ToAq5+kTwd++Borf1/bifxd9iT70QcXr4MRrO3Llf8Ifs70q+SJcGHFtnIE/Nw6giCtECA==}
    dependencies:
      format: 0.2.2
    dev: false

  /format/0.2.2:
    resolution: {integrity: sha512-wzsgA6WOq+09wrU1tsJ09udeR/YZRaeArL9e1wPbFg3GG2yDnC2ldKpxs4xunpFF9DgqCqOIra3bc1HWrJ37Ww==}
    engines: {node: '>=0.4.x'}
    dev: false

  /htmlparser2/7.2.0:
    resolution: {integrity: sha512-H7MImA4MS6cw7nbyURtLPO1Tms7C5H602LRETv95z1MxO/7CP7rDVROehUYeYBUYEON94NXXDEPmZuq+hX4sog==}
    dependencies:
      domelementtype: 2.3.0
      domhandler: 4.3.1
      domutils: 2.8.0
      entities: 3.0.1
    dev: false

  /is-alphabetical/1.0.4:
    resolution: {integrity: sha512-DwzsA04LQ10FHTZuL0/grVDk4rFoVH1pjAToYwBrHSxcrBIGQuXrQMtD5U1b0U2XVgKZCTLLP8u2Qxqhy3l2Vg==}
    dev: false

  /is-alphanumerical/1.0.4:
    resolution: {integrity: sha512-UzoZUr+XfVz3t3v4KyGEniVL9BDRoQtY7tOyrRybkVNjDFWyo1yhXNGrrBTQxp3ib9BLAWs7k2YKBQsFRkZG9A==}
    dependencies:
      is-alphabetical: 1.0.4
      is-decimal: 1.0.4
    dev: false

  /is-buffer/2.0.5:
    resolution: {integrity: sha512-i2R6zNFDwgEHJyQUtJEk0XFi1i0dPFn/oqjK3/vPCcDeJvW5NQ83V8QbicfF1SupOaB0h8ntgBC2YiE7dfyctQ==}
    engines: {node: '>=4'}
    dev: false

  /is-decimal/1.0.4:
    resolution: {integrity: sha512-RGdriMmQQvZ2aqaQq3awNA6dCGtKpiDFcOzrTWrDAT2MiWrKQVPmxLGHl7Y2nNu6led0kEyoX0enY0qXYsv9zw==}
    dev: false

  /is-hexadecimal/1.0.4:
    resolution: {integrity: sha512-gyPJuv83bHMpocVYoqof5VDiZveEoGoFL8m3BXNb2VW8Xs+rz9kqO8LOQ5DH6EsuvilT1ApazU0pyl+ytbPtlw==}
    dev: false

  /is-plain-obj/2.1.0:
    resolution: {integrity: sha512-YWnfyRwxL/+SsrWYfOpUtz5b3YD+nyfkHvjbcanzk8zgyO4ASD67uVMRt8k5bM4lLMDnXfriRhOpemw+NfT1eA==}
    engines: {node: '>=8'}
    dev: false

  /longest-streak/2.0.4:
    resolution: {integrity: sha512-vM6rUVCVUJJt33bnmHiZEvr7wPT78ztX7rojL+LW51bHtLh6HTjx84LA5W4+oa6aKEJA7jJu5LR6vQRBpA5DVg==}
    dev: false

  /markdown-table/2.0.0:
    resolution: {integrity: sha512-Ezda85ToJUBhM6WGaG6veasyym+Tbs3cMAw/ZhOPqXiYsr0jgocBV3j3nx+4lk47plLlIqjwuTm/ywVI+zjJ/A==}
    dependencies:
      repeat-string: 1.6.1
    dev: false

  /mdast-util-find-and-replace/1.1.1:
    resolution: {integrity: sha512-9cKl33Y21lyckGzpSmEQnIDjEfeeWelN5s1kUW1LwdB0Fkuq2u+4GdqcGEygYxJE8GVqCl0741bYXHgamfWAZA==}
    dependencies:
      escape-string-regexp: 4.0.0
      unist-util-is: 4.1.0
      unist-util-visit-parents: 3.1.1
    dev: false

  /mdast-util-footnote/0.1.7:
    resolution: {integrity: sha512-QxNdO8qSxqbO2e3m09KwDKfWiLgqyCurdWTQ198NpbZ2hxntdc+VKS4fDJCmNWbAroUdYnSthu+XbZ8ovh8C3w==}
    dependencies:
      mdast-util-to-markdown: 0.6.5
      micromark: 2.11.4
    transitivePeerDependencies:
      - supports-color
    dev: false

  /mdast-util-from-markdown/0.8.5:
    resolution: {integrity: sha512-2hkTXtYYnr+NubD/g6KGBS/0mFmBcifAsI0yIWRiRo0PjVs6SSOSOdtzbp6kSGnShDN6G5aWZpKQ2lWRy27mWQ==}
    dependencies:
      '@types/mdast': 3.0.10
      mdast-util-to-string: 2.0.0
      micromark: 2.11.4
      parse-entities: 2.0.0
      unist-util-stringify-position: 2.0.3
    transitivePeerDependencies:
      - supports-color
    dev: false

  /mdast-util-frontmatter/0.2.0:
    resolution: {integrity: sha512-FHKL4w4S5fdt1KjJCwB0178WJ0evnyyQr5kXTM3wrOVpytD0hrkvd+AOOjU9Td8onOejCkmZ+HQRT3CZ3coHHQ==}
    dependencies:
      micromark-extension-frontmatter: 0.2.2
    dev: false

  /mdast-util-gfm-autolink-literal/0.1.3:
    resolution: {integrity: sha512-GjmLjWrXg1wqMIO9+ZsRik/s7PLwTaeCHVB7vRxUwLntZc8mzmTsLVr6HW1yLokcnhfURsn5zmSVdi3/xWWu1A==}
    dependencies:
      ccount: 1.1.0
      mdast-util-find-and-replace: 1.1.1
      micromark: 2.11.4
    transitivePeerDependencies:
      - supports-color
    dev: false

  /mdast-util-gfm-strikethrough/0.2.3:
    resolution: {integrity: sha512-5OQLXpt6qdbttcDG/UxYY7Yjj3e8P7X16LzvpX8pIQPYJ/C2Z1qFGMmcw+1PZMUM3Z8wt8NRfYTvCni93mgsgA==}
    dependencies:
      mdast-util-to-markdown: 0.6.5
    dev: false

  /mdast-util-gfm-table/0.1.6:
    resolution: {integrity: sha512-j4yDxQ66AJSBwGkbpFEp9uG/LS1tZV3P33fN1gkyRB2LoRL+RR3f76m0HPHaby6F4Z5xr9Fv1URmATlRRUIpRQ==}
    dependencies:
      markdown-table: 2.0.0
      mdast-util-to-markdown: 0.6.5
    dev: false

  /mdast-util-gfm-task-list-item/0.1.6:
    resolution: {integrity: sha512-/d51FFIfPsSmCIRNp7E6pozM9z1GYPIkSy1urQ8s/o4TC22BZ7DqfHFWiqBD23bc7J3vV1Fc9O4QIHBlfuit8A==}
    dependencies:
      mdast-util-to-markdown: 0.6.5
    dev: false

  /mdast-util-gfm/0.1.2:
    resolution: {integrity: sha512-NNkhDx/qYcuOWB7xHUGWZYVXvjPFFd6afg6/e2g+SV4r9q5XUcCbV4Wfa3DLYIiD+xAEZc6K4MGaE/m0KDcPwQ==}
    dependencies:
      mdast-util-gfm-autolink-literal: 0.1.3
      mdast-util-gfm-strikethrough: 0.2.3
      mdast-util-gfm-table: 0.1.6
      mdast-util-gfm-task-list-item: 0.1.6
      mdast-util-to-markdown: 0.6.5
    transitivePeerDependencies:
      - supports-color
    dev: false

  /mdast-util-to-markdown/0.6.5:
    resolution: {integrity: sha512-XeV9sDE7ZlOQvs45C9UKMtfTcctcaj/pGwH8YLbMHoMOXNNCn2LsqVQOqrF1+/NU8lKDAqozme9SCXWyo9oAcQ==}
    dependencies:
      '@types/unist': 2.0.6
      longest-streak: 2.0.4
      mdast-util-to-string: 2.0.0
      parse-entities: 2.0.0
      repeat-string: 1.6.1
      zwitch: 1.0.5
    dev: false

  /mdast-util-to-string/2.0.0:
    resolution: {integrity: sha512-AW4DRS3QbBayY/jJmD8437V1Gombjf8RSOUCMFBuo5iHi58AGEgVCKQ+ezHkZZDpAQS75hcBMpLqjpJTjtUL7w==}
    dev: false

  /micromark-extension-footnote/0.3.2:
    resolution: {integrity: sha512-gr/BeIxbIWQoUm02cIfK7mdMZ/fbroRpLsck4kvFtjbzP4yi+OPVbnukTc/zy0i7spC2xYE/dbX1Sur8BEDJsQ==}
    dependencies:
      micromark: 2.11.4
    transitivePeerDependencies:
      - supports-color
    dev: false

  /micromark-extension-frontmatter/0.2.2:
    resolution: {integrity: sha512-q6nPLFCMTLtfsctAuS0Xh4vaolxSFUWUWR6PZSrXXiRy+SANGllpcqdXFv2z07l0Xz/6Hl40hK0ffNCJPH2n1A==}
    dependencies:
      fault: 1.0.4
    dev: false

  /micromark-extension-gfm-autolink-literal/0.5.7:
    resolution: {integrity: sha512-ePiDGH0/lhcngCe8FtH4ARFoxKTUelMp4L7Gg2pujYD5CSMb9PbblnyL+AAMud/SNMyusbS2XDSiPIRcQoNFAw==}
    dependencies:
      micromark: 2.11.4
    transitivePeerDependencies:
      - supports-color
    dev: false

  /micromark-extension-gfm-strikethrough/0.6.5:
    resolution: {integrity: sha512-PpOKlgokpQRwUesRwWEp+fHjGGkZEejj83k9gU5iXCbDG+XBA92BqnRKYJdfqfkrRcZRgGuPuXb7DaK/DmxOhw==}
    dependencies:
      micromark: 2.11.4
    transitivePeerDependencies:
      - supports-color
    dev: false

  /micromark-extension-gfm-table/0.4.3:
    resolution: {integrity: sha512-hVGvESPq0fk6ALWtomcwmgLvH8ZSVpcPjzi0AjPclB9FsVRgMtGZkUcpE0zgjOCFAznKepF4z3hX8z6e3HODdA==}
    dependencies:
      micromark: 2.11.4
    transitivePeerDependencies:
      - supports-color
    dev: false

  /micromark-extension-gfm-tagfilter/0.3.0:
    resolution: {integrity: sha512-9GU0xBatryXifL//FJH+tAZ6i240xQuFrSL7mYi8f4oZSbc+NvXjkrHemeYP0+L4ZUT+Ptz3b95zhUZnMtoi/Q==}
    dev: false

  /micromark-extension-gfm-task-list-item/0.3.3:
    resolution: {integrity: sha512-0zvM5iSLKrc/NQl84pZSjGo66aTGd57C1idmlWmE87lkMcXrTxg1uXa/nXomxJytoje9trP0NDLvw4bZ/Z/XCQ==}
    dependencies:
      micromark: 2.11.4
    transitivePeerDependencies:
      - supports-color
    dev: false

  /micromark-extension-gfm/0.3.3:
    resolution: {integrity: sha512-oVN4zv5/tAIA+l3GbMi7lWeYpJ14oQyJ3uEim20ktYFAcfX1x3LNlFGGlmrZHt7u9YlKExmyJdDGaTt6cMSR/A==}
    dependencies:
      micromark: 2.11.4
      micromark-extension-gfm-autolink-literal: 0.5.7
      micromark-extension-gfm-strikethrough: 0.6.5
      micromark-extension-gfm-table: 0.4.3
      micromark-extension-gfm-tagfilter: 0.3.0
      micromark-extension-gfm-task-list-item: 0.3.3
    transitivePeerDependencies:
      - supports-color
    dev: false

  /micromark/2.11.4:
    resolution: {integrity: sha512-+WoovN/ppKolQOFIAajxi7Lu9kInbPxFuTBVEavFcL8eAfVstoc5MocPmqBeAdBOJV00uaVjegzH4+MA0DN/uA==}
    dependencies:
      debug: 4.3.4
      parse-entities: 2.0.0
    transitivePeerDependencies:
      - supports-color
    dev: false

  /minimist/1.2.6:
    resolution: {integrity: sha512-Jsjnk4bw3YJqYzbdyBiNsPWHPfO++UGG749Cxs6peCu5Xg4nrena6OVxOYxrQTqww0Jmwt+Ref8rggumkTLz9Q==}
    dev: false

  /ms/2.1.2:
    resolution: {integrity: sha512-sGkPx+VjMtmA6MX27oA4FBFELFCZZ4S4XqeGOXCv68tT+jb3vk/RyaKWP0PTKyWtmLSM0b+adUTEvbs1PEaH2w==}
    dev: false

  /parse-entities/2.0.0:
    resolution: {integrity: sha512-kkywGpCcRYhqQIchaWqZ875wzpS/bMKhz5HnN3p7wveJTkTtyAB/AlnS0f8DFSqYW1T82t6yEAkEcB+A1I3MbQ==}
    dependencies:
      character-entities: 1.2.4
      character-entities-legacy: 1.1.4
      character-reference-invalid: 1.1.4
      is-alphanumerical: 1.0.4
      is-decimal: 1.0.4
      is-hexadecimal: 1.0.4
    dev: false

  /remark-footnotes/3.0.0:
    resolution: {integrity: sha512-ZssAvH9FjGYlJ/PBVKdSmfyPc3Cz4rTWgZLI4iE/SX8Nt5l3o3oEjv3wwG5VD7xOjktzdwp5coac+kJV9l4jgg==}
    dependencies:
      mdast-util-footnote: 0.1.7
      micromark-extension-footnote: 0.3.2
    transitivePeerDependencies:
      - supports-color
    dev: false

  /remark-frontmatter/3.0.0:
    resolution: {integrity: sha512-mSuDd3svCHs+2PyO29h7iijIZx4plX0fheacJcAoYAASfgzgVIcXGYSq9GFyYocFLftQs8IOmmkgtOovs6d4oA==}
    dependencies:
      mdast-util-frontmatter: 0.2.0
      micromark-extension-frontmatter: 0.2.2
    dev: false

  /remark-gfm/1.0.0:
    resolution: {integrity: sha512-KfexHJCiqvrdBZVbQ6RopMZGwaXz6wFJEfByIuEwGf0arvITHjiKKZ1dpXujjH9KZdm1//XJQwgfnJ3lmXaDPA==}
    dependencies:
      mdast-util-gfm: 0.1.2
      micromark-extension-gfm: 0.3.3
    transitivePeerDependencies:
      - supports-color
    dev: false

  /remark-parse/9.0.0:
    resolution: {integrity: sha512-geKatMwSzEXKHuzBNU1z676sGcDcFoChMK38TgdHJNAYfFtsfHDQG7MoJAjs6sgYMqyLduCYWDIWZIxiPeafEw==}
    dependencies:
      mdast-util-from-markdown: 0.8.5
    transitivePeerDependencies:
      - supports-color
    dev: false

  /repeat-string/1.6.1:
    resolution: {integrity: sha512-PV0dzCYDNfRi1jCDbJzpW7jNNDRuCOG/jI5ctQcGKt/clZD+YcPS3yIlWuTJMmESC8aevCFmWJy5wjAFgNqN6w==}
    engines: {node: '>=0.10'}
    dev: false

  /traverse/0.6.6:
    resolution: {integrity: sha512-kdf4JKs8lbARxWdp7RKdNzoJBhGUcIalSYibuGyHJbmk40pOysQ0+QPvlkCOICOivDWU2IJo2rkrxyTK2AH4fw==}
    dev: false

  /trough/1.0.5:
    resolution: {integrity: sha512-rvuRbTarPXmMb79SmzEp8aqXNKcK+y0XaB298IXueQ8I2PsrATcPBCSPyK/dDNa2iWOhKlfNnOjdAOTBU/nkFA==}
    dev: false

  /underscore/1.13.4:
    resolution: {integrity: sha512-BQFnUDuAQ4Yf/cYY5LNrK9NCJFKriaRbD9uR1fTeXnBeoa97W0i41qkZfGO9pSo8I5KzjAcSY2XYtdf0oKd7KQ==}
    dev: false

  /unified/9.2.2:
    resolution: {integrity: sha512-Sg7j110mtefBD+qunSLO1lqOEKdrwBFBrR6Qd8f4uwkhWNlbkaqwHse6e7QvD3AP/MNoJdEDLaf8OxYyoWgorQ==}
    dependencies:
      '@types/unist': 2.0.6
      bail: 1.0.5
      extend: 3.0.2
      is-buffer: 2.0.5
      is-plain-obj: 2.1.0
      trough: 1.0.5
      vfile: 4.2.1
    dev: false

  /unist-util-is/4.1.0:
    resolution: {integrity: sha512-ZOQSsnce92GrxSqlnEEseX0gi7GH9zTJZ0p9dtu87WRb/37mMPO2Ilx1s/t9vBHrFhbgweUwb+t7cIn5dxPhZg==}
    dev: false

  /unist-util-stringify-position/2.0.3:
    resolution: {integrity: sha512-3faScn5I+hy9VleOq/qNbAd6pAx7iH5jYBMS9I1HgQVijz/4mv5Bvw5iw1sC/90CODiKo81G/ps8AJrISn687g==}
    dependencies:
      '@types/unist': 2.0.6
    dev: false

  /unist-util-visit-parents/3.1.1:
    resolution: {integrity: sha512-1KROIZWo6bcMrZEwiH2UrXDyalAa0uqzWCxCJj6lPOvTve2WkfgCytoDTPaMnodXh1WrXOq0haVYHj99ynJlsg==}
    dependencies:
      '@types/unist': 2.0.6
      unist-util-is: 4.1.0
    dev: false

  /update-section/0.3.3:
    resolution: {integrity: sha512-BpRZMZpgXLuTiKeiu7kK0nIPwGdyrqrs6EDSaXtjD/aQ2T+qVo9a5hRC3HN3iJjCMxNT/VxoLGQ7E/OzE5ucnw==}
    dev: false

  /vfile-message/2.0.4:
    resolution: {integrity: sha512-DjssxRGkMvifUOJre00juHoP9DPWuzjxKuMDrhNbk2TdaYYBNMStsNhEOt3idrtI12VQYM/1+iM0KOzXi4pxwQ==}
    dependencies:
      '@types/unist': 2.0.6
      unist-util-stringify-position: 2.0.3
    dev: false

  /vfile/4.2.1:
    resolution: {integrity: sha512-O6AE4OskCG5S1emQ/4gl8zK586RqA3srz3nfK/Viy0UPToBc5Trp9BVFb1u0CjsKrAWwnpr4ifM/KBXPWwJbCA==}
    dependencies:
      '@types/unist': 2.0.6
      is-buffer: 2.0.5
      unist-util-stringify-position: 2.0.3
      vfile-message: 2.0.4
    dev: false

  /zwitch/1.0.5:
    resolution: {integrity: sha512-V50KMwwzqJV0NpZIZFwfOD5/lyny3WlSzRiXgA0G7VUnRlqttta1L6UQIHzd6EuBY/cHGfwTIck7w1yH6Q5zUw==}
    dev: false
